{
    "_meta": {
        "hash": {
            "sha256": "42ab65b0bd76707ee48cc1047dda0195f4b6ccfc9d99f72831de6821de72e06e"
        },
        "pipfile-spec": 6,
        "requires": {
            "python_version": "3.10"
        },
        "sources": [
            {
                "name": "pypi",
                "url": "https://pypi.org/simple",
                "verify_ssl": true
            }
        ]
    },
    "default": {
        "gunicorn": {
            "hashes": [
                "sha256:9dcc4547dbb1cb284accfb15ab5667a0e5d1881cc443e0677b4882a4067a807e",
                "sha256:e0a968b5ba15f8a328fdfd7ab1fcb5af4470c28aaf7e55df02a99bc13138e6e8"
            ],
            "index": "pypi",
            "version": "==20.1.0"
        },
        "parse": {
            "hashes": [
                "sha256:9ff82852bcb65d139813e2a5197627a94966245c897796760a3a2a8eb66f020b"
            ],
            "index": "pypi",
            "version": "==1.19.0"
        },
        "setuptools": {
            "hashes": [
                "sha256:2e24e0bec025f035a2e72cdd1961119f557d78ad331bb00ff82efb2ab8da8e82",
                "sha256:7732871f4f7fa58fb6bdcaeadb0161b2bd046c85905dbaa066bdcbcc81953b57"
            ],
            "markers": "python_version >= '3.7'",
            "version": "==65.3.0"
        },
        "webob": {
            "hashes": [
                "sha256:73aae30359291c14fa3b956f8b5ca31960e420c28c1bec002547fb04928cf89b",
                "sha256:b64ef5141be559cfade448f044fa45c2260351edcb6a8ef6b7e00c7dcef0c323"
            ],
            "index": "pypi",
            "version": "==1.8.7"
        }
    },
    "develop": {}
}
